<?xml version="1.0" encoding="utf-8"?>
<Project ToolsVersion="4.0" xmlns="http://schemas.microsoft.com/developer/msbuild/2003">
  <ItemGroup>
    <Filter Include="Source Files">
      <UniqueIdentifier>{4FC737F1-C7A5-4376-A066-2A32D752A2FF}</UniqueIdentifier>
      <Extensions>cpp;c;cc;cxx;c++;cppm;ixx;def;odl;idl;hpj;bat;asm;asmx</Extensions>
    </Filter>
    <Filter Include="Header Files">
      <UniqueIdentifier>{93995380-89BD-4b04-88EB-625FBE52EBFB}</UniqueIdentifier>
      <Extensions>h;hh;hpp;hxx;h++;hm;inl;inc;ipp;xsd</Extensions>
    </Filter>
    <Filter Include="Resource Files">
      <UniqueIdentifier>{67DA6AB6-F800-4c08-8B7A-83BB121AAD01}</UniqueIdentifier>
      <Extensions>rc;ico;cur;bmp;dlg;rc2;rct;bin;rgs;gif;jpg;jpeg;jpe;resx;tiff;tif;png;wav;mfcribbon-ms</Extensions>
    </Filter>
    <Filter Include="Header Files\api">
      <UniqueIdentifier>{d898cc16-0264-4292-866a-42c52a824384}</UniqueIdentifier>
    </Filter>
    <Filter Include="Header Files\Game">
      <UniqueIdentifier>{9981f6a6-e17c-4b9c-bc21-3115953a50b4}</UniqueIdentifier>
    </Filter>
    <Filter Include="Header Files\Hook">
      <UniqueIdentifier>{7a257b9e-923d-461d-9dd9-df2869bc6a22}</UniqueIdentifier>
    </Filter>
    <Filter Include="Header Files\ImGui">
      <UniqueIdentifier>{0a04a3b3-13ce-43cb-bcdf-de1a22aafe76}</UniqueIdentifier>
    </Filter>
    <Filter Include="Header Files\Tools">
      <UniqueIdentifier>{f96c040a-f571-4606-aaed-fa33342d1cf6}</UniqueIdentifier>
    </Filter>
    <Filter Include="Header Files\Settings">
      <UniqueIdentifier>{89eb16ba-a0ac-4f56-9587-e2cce58e2eed}</UniqueIdentifier>
    </Filter>
    <Filter Include="Header Files\Algorithm">
      <UniqueIdentifier>{bb045b97-f38b-4782-9f38-7211b3bfd489}</UniqueIdentifier>
    </Filter>
    <Filter Include="Header Files\Fonts">
      <UniqueIdentifier>{7cb66767-4ceb-456c-849c-572582e852c5}</UniqueIdentifier>
    </Filter>
    <Filter Include="Header Files\Algorithm\DX11">
      <UniqueIdentifier>{e5d6a754-49db-460c-9f2d-087207d14028}</UniqueIdentifier>
    </Filter>
    <Filter Include="Header Files\Data">
      <UniqueIdentifier>{fdb34aee-147a-4c71-b0ce-5bf6c52c9576}</UniqueIdentifier>
    </Filter>
    <Filter Include="Header Files\Tools\DriverController">
      <UniqueIdentifier>{256712bd-c185-4abe-8fe5-46f3a53fb402}</UniqueIdentifier>
    </Filter>
    <Filter Include="Header Files\Memory">
      <UniqueIdentifier>{7078255c-8e22-4ca1-8eb8-b17b17bfea45}</UniqueIdentifier>
    </Filter>
    <Filter Include="Header Files\Algorithm\Aimbot">
      <UniqueIdentifier>{99b6d8dd-90e0-46e7-b42a-8ed395df8a73}</UniqueIdentifier>
    </Filter>
  </ItemGroup>
  <ItemGroup>
    <ClInclude Include="api\KeyAuth.hpp">
      <Filter>Header Files\api</Filter>
    </ClInclude>
    <ClInclude Include="Game.h">
      <Filter>Header Files\Game</Filter>
    </ClInclude>
    <ClInclude Include="Hook.h">
      <Filter>Header Files\Hook</Filter>
    </ClInclude>
    <ClInclude Include="ImGui\imconfig.h">
      <Filter>Header Files\ImGui</Filter>
    </ClInclude>
    <ClInclude Include="ImGui\imgui.h">
      <Filter>Header Files\ImGui</Filter>
    </ClInclude>
    <ClInclude Include="ImGui\imgui_internal.h">
      <Filter>Header Files\ImGui</Filter>
    </ClInclude>
    <ClInclude Include="ImGui\imgui_impl_dx11.h">
      <Filter>Header Files\ImGui</Filter>
    </ClInclude>
    <ClInclude Include="ImGui\imgui_impl_win32.h">
      <Filter>Header Files\ImGui</Filter>
    </ClInclude>
    <ClInclude Include="Tools.h">
      <Filter>Header Files\Tools</Filter>
    </ClInclude>
    <ClInclude Include="ImGui\imstb_rectpack.h">
      <Filter>Header Files\ImGui</Filter>
    </ClInclude>
    <ClInclude Include="ImGui\imstb_textedit.h">
      <Filter>Header Files\ImGui</Filter>
    </ClInclude>
    <ClInclude Include="Settings.h">
      <Filter>Header Files\Settings</Filter>
    </ClInclude>
    <ClInclude Include="Includes.h">
      <Filter>Header Files</Filter>
    </ClInclude>
    <ClInclude Include="DX11Window.h">
      <Filter>Header Files\Algorithm\DX11</Filter>
    </ClInclude>
    <ClInclude Include="DX11.h">
      <Filter>Header Files\Algorithm\DX11</Filter>
    </ClInclude>
    <ClInclude Include="Data.h">
      <Filter>Header Files\Data</Filter>
    </ClInclude>
    <ClInclude Include="Offsets.h">
      <Filter>Header Files</Filter>
    </ClInclude>
    <ClInclude Include="DriverController.h">
      <Filter>Header Files\Tools\DriverController</Filter>
    </ClInclude>
    <ClInclude Include="syscall.h">
      <Filter>Header Files\Tools\DriverController</Filter>
    </ClInclude>
    <ClInclude Include="xor.hpp">
      <Filter>Header Files\Tools\DriverController</Filter>
    </ClInclude>
    <ClInclude Include="colors.h">
      <Filter>Header Files\Tools\DriverController</Filter>
    </ClInclude>
    <ClInclude Include="driver.h">
      <Filter>Header Files\Tools\DriverController</Filter>
    </ClInclude>
    <ClInclude Include="ParallelWorker.h">
      <Filter>Header Files\Tools\DriverController</Filter>
    </ClInclude>
    <ClInclude Include="font.h">
      <Filter>Header Files\Fonts</Filter>
    </ClInclude>
    <ClInclude Include="icon.h">
      <Filter>Header Files\Fonts</Filter>
    </ClInclude>
    <ClInclude Include="iconcpp.h">
      <Filter>Header Files\Fonts</Filter>
    </ClInclude>
    <ClInclude Include="Memory.h">
      <Filter>Header Files\Memory</Filter>
    </ClInclude>
    <ClInclude Include="Aimbot.h">
      <Filter>Header Files\Algorithm\Aimbot</Filter>
    </ClInclude>
    <ClInclude Include="resources.h">
      <Filter>Resource Files</Filter>
    </ClInclude>
    <ClInclude Include="SimpleIni.h">
      <Filter>Header Files</Filter>
    </ClInclude>
    <ClInclude Include="xorstr.hpp">
      <Filter>Header Files\api</Filter>
    </ClInclude>
    <ClInclude Include="include\cryptolens\imports\ArduinoJson5\ArduinoJson.hpp">
      <Filter>Header Files</Filter>
    </ClInclude>
    <ClInclude Include="include\cryptolens\imports\curl\curl.h">
      <Filter>Header Files</Filter>
    </ClInclude>
    <ClInclude Include="include\cryptolens\imports\openssl\bn.h">
      <Filter>Header Files</Filter>
    </ClInclude>
    <ClInclude Include="include\cryptolens\imports\openssl\evp.h">
      <Filter>Header Files</Filter>
    </ClInclude>
    <ClInclude Include="include\cryptolens\imports\openssl\rsa.h">
      <Filter>Header Files</Filter>
    </ClInclude>
    <ClInclude Include="include\cryptolens\imports\openssl\ssl.h">
      <Filter>Header Files</Filter>
    </ClInclude>
    <ClInclude Include="include\cryptolens\imports\windows\atlconv.h">
      <Filter>Header Files</Filter>
    </ClInclude>
    <ClInclude Include="include\cryptolens\imports\windows\atlsecurity.h">
      <Filter>Header Files</Filter>
    </ClInclude>
    <ClInclude Include="include\cryptolens\imports\windows\comdef.h">
      <Filter>Header Files</Filter>
    </ClInclude>
    <ClInclude Include="include\cryptolens\imports\windows\iphlpapi.h">
      <Filter>Header Files</Filter>
    </ClInclude>
    <ClInclude Include="include\cryptolens\imports\windows\Wbemidl.h">
      <Filter>Header Files</Filter>
    </ClInclude>
    <ClInclude Include="include\cryptolens\imports\windows\wincrypt.h">
      <Filter>Header Files</Filter>
    </ClInclude>
    <ClInclude Include="include\cryptolens\imports\windows\Windows.h">
      <Filter>Header Files</Filter>
    </ClInclude>
    <ClInclude Include="include\cryptolens\imports\windows\winhttp.h">
      <Filter>Header Files</Filter>
    </ClInclude>
    <ClInclude Include="include\cryptolens\validators\AndValidator.hpp">
      <Filter>Header Files</Filter>
    </ClInclude>
    <ClInclude Include="include\cryptolens\validators\CorrectKeyValidator.hpp">
      <Filter>Header Files</Filter>
    </ClInclude>
    <ClInclude Include="include\cryptolens\validators\CorrectProductValidator.hpp">
      <Filter>Header Files</Filter>
    </ClInclude>
    <ClInclude Include="include\cryptolens\validators\NotExpiredValidator_ctime.hpp">
      <Filter>Header Files</Filter>
    </ClInclude>
    <ClInclude Include="include\cryptolens\validators\NotExpiredValidator_kernel32.hpp">
      <Filter>Header Files</Filter>
    </ClInclude>
    <ClInclude Include="include\cryptolens\validators\OnValidMachineValidator.hpp">
      <Filter>Header Files</Filter>
    </ClInclude>
    <ClInclude Include="include\cryptolens\validators\TautologyValidator.hpp">
      <Filter>Header Files</Filter>
    </ClInclude>
    <ClInclude Include="include\cryptolens\ActivateError.hpp">
      <Filter>Header Files</Filter>
    </ClInclude>
    <ClInclude Include="include\cryptolens\ActivationData.hpp">
      <Filter>Header Files</Filter>
    </ClInclude>
    <ClInclude Include="include\cryptolens\api.hpp">
      <Filter>Header Files</Filter>
    </ClInclude>
    <ClInclude Include="include\cryptolens\base64.hpp">
      <Filter>Header Files</Filter>
    </ClInclude>
    <ClInclude Include="include\cryptolens\basic_Cryptolens.hpp">
      <Filter>Header Files</Filter>
    </ClInclude>
    <ClInclude Include="include\cryptolens\basic_Error.hpp">
      <Filter>Header Files</Filter>
    </ClInclude>
    <ClInclude Include="include\cryptolens\basic_SKM.hpp">
      <Filter>Header Files</Filter>
    </ClInclude>
    <ClInclude Include="include\cryptolens\Configuration_Unix.hpp">
      <Filter>Header Files</Filter>
    </ClInclude>
    <ClInclude Include="include\cryptolens\Configuration_Windows.hpp">
      <Filter>Header Files</Filter>
    </ClInclude>
    <ClInclude Include="include\cryptolens\core.hpp">
      <Filter>Header Files</Filter>
    </ClInclude>
    <ClInclude Include="include\cryptolens\cryptolens_internals.hpp">
      <Filter>Header Files</Filter>
    </ClInclude>
    <ClInclude Include="include\cryptolens\Customer.hpp">
      <Filter>Header Files</Filter>
    </ClInclude>
    <ClInclude Include="include\cryptolens\DataObject.hpp">
      <Filter>Header Files</Filter>
    </ClInclude>
    <ClInclude Include="include\cryptolens\Error.hpp">
      <Filter>Header Files</Filter>
    </ClInclude>
    <ClInclude Include="include\cryptolens\LicenseKey.hpp">
      <Filter>Header Files</Filter>
    </ClInclude>
    <ClInclude Include="include\cryptolens\LicenseKeyChecker.hpp">
      <Filter>Header Files</Filter>
    </ClInclude>
    <ClInclude Include="include\cryptolens\LicenseKeyInformation.hpp">
      <Filter>Header Files</Filter>
    </ClInclude>
    <ClInclude Include="include\cryptolens\MachineCodeComputer_caching.hpp">
      <Filter>Header Files</Filter>
    </ClInclude>
    <ClInclude Include="include\cryptolens\MachineCodeComputer_COM.hpp">
      <Filter>Header Files</Filter>
    </ClInclude>
    <ClInclude Include="include\cryptolens\MachineCodeComputer_static.hpp">
      <Filter>Header Files</Filter>
    </ClInclude>
    <ClInclude Include="include\cryptolens\MachineCodeComputer_SystemdDBusInodes_SHA256.hpp">
      <Filter>Header Files</Filter>
    </ClInclude>
    <ClInclude Include="include\cryptolens\RawLicenseKey.hpp">
      <Filter>Header Files</Filter>
    </ClInclude>
    <ClInclude Include="include\cryptolens\RequestHandler_curl.hpp">
      <Filter>Header Files</Filter>
    </ClInclude>
    <ClInclude Include="include\cryptolens\RequestHandler_v20190401_to_v20180502.hpp">
      <Filter>Header Files</Filter>
    </ClInclude>
    <ClInclude Include="include\cryptolens\RequestHandler_WinHTTP.hpp">
      <Filter>Header Files</Filter>
    </ClInclude>
    <ClInclude Include="include\cryptolens\ResponseParser_ArduinoJson5.hpp">
      <Filter>Header Files</Filter>
    </ClInclude>
    <ClInclude Include="include\cryptolens\SignatureVerifier_BearSSL.hpp">
      <Filter>Header Files</Filter>
    </ClInclude>
    <ClInclude Include="include\cryptolens\SignatureVerifier_CryptoAPI.hpp">
      <Filter>Header Files</Filter>
    </ClInclude>
    <ClInclude Include="include\cryptolens\SignatureVerifier_OpenSSL.hpp">
      <Filter>Header Files</Filter>
    </ClInclude>
    <ClInclude Include="include\cryptolens\SignatureVerifier_v20190401_to_v20180502.hpp">
      <Filter>Header Files</Filter>
    </ClInclude>
  </ItemGroup>
  <ItemGroup>
    <ClCompile Include="dllmain.cpp">
      <Filter>Source Files</Filter>
    </ClCompile>
    <ClCompile Include="Game.cpp">
      <Filter>Header Files\Game</Filter>
    </ClCompile>
    <ClCompile Include="Hook.cpp">
      <Filter>Header Files\Hook</Filter>
    </ClCompile>
    <ClCompile Include="ImGui\imgui.cpp">
      <Filter>Header Files\ImGui</Filter>
    </ClCompile>
    <ClCompile Include="ImGui\imgui_demo.cpp">
      <Filter>Header Files\ImGui</Filter>
    </ClCompile>
    <ClCompile Include="ImGui\imgui_draw.cpp">
      <Filter>Header Files\ImGui</Filter>
    </ClCompile>
    <ClCompile Include="ImGui\imgui_tables.cpp">
      <Filter>Header Files\ImGui</Filter>
    </ClCompile>
    <ClCompile Include="ImGui\imgui_widgets.cpp">
      <Filter>Header Files\ImGui</Filter>
    </ClCompile>
    <ClCompile Include="ImGui\imgui_impl_dx11.cpp">
      <Filter>Header Files\ImGui</Filter>
    </ClCompile>
    <ClCompile Include="ImGui\imgui_impl_win32.cpp">
      <Filter>Header Files\ImGui</Filter>
    </ClCompile>
    <ClCompile Include="Tools.cpp">
      <Filter>Header Files\Tools</Filter>
    </ClCompile>
    <ClCompile Include="Settings.cpp">
      <Filter>Header Files\Settings</Filter>
    </ClCompile>
    <ClCompile Include="DX11Window.cpp">
      <Filter>Header Files\Algorithm\DX11</Filter>
    </ClCompile>
    <ClCompile Include="Algorithm.cpp">
      <Filter>Header Files\Algorithm</Filter>
    </ClCompile>
    <ClCompile Include="Algorithm.h">
      <Filter>Header Files\Algorithm</Filter>
    </ClCompile>
    <ClCompile Include="DX11.cpp">
      <Filter>Header Files\Algorithm\DX11</Filter>
    </ClCompile>
    <ClCompile Include="Data.cpp">
      <Filter>Header Files\Data</Filter>
    </ClCompile>
    <ClCompile Include="DriverController.cpp">
      <Filter>Header Files\Tools\DriverController</Filter>
    </ClCompile>
    <ClCompile Include="Memory.cpp">
      <Filter>Header Files\Memory</Filter>
    </ClCompile>
    <ClCompile Include="Aimbot.cpp">
      <Filter>Header Files\Algorithm\Aimbot</Filter>
    </ClCompile>
  </ItemGroup>
</Project>